
Microsoft Visual Studio Solution File, Format Version 12.00
# Visual Studio Version 17
VisualStudioVersion = 17.5.002.0
MinimumVisualStudioVersion = 10.0.40219.1
Project("{9A19103F-16F7-4668-BE54-9A1E7A4F7556}") = "backend", "backend\backend.csproj", "{AE4B1A9C-F2E5-452E-9230-725F175D3736}"
EndProject
Global
	GlobalSection(SolutionConfigurationPlatforms) = preSolution
		Debug|Any CPU = Debug|Any CPU
		Release|Any CPU = Release|Any CPU
	EndGlobalSection
	GlobalSection(ProjectConfigurationPlatforms) = postSolution
		{AE4B1A9C-F2E5-452E-9230-725F175D3736}.Debug|Any CPU.ActiveCfg = Debug|Any CPU
		{AE4B1A9C-F2E5-452E-9230-725F175D3736}.Debug|Any CPU.Build.0 = Debug|Any CPU
		{AE4B1A9C-F2E5-452E-9230-725F175D3736}.Release|Any CPU.ActiveCfg = Release|Any CPU
		{AE4B1A9C-F2E5-452E-9230-725F175D3736}.Release|Any CPU.Build.0 = Release|Any CPU
	EndGlobalSection
	GlobalSection(SolutionProperties) = preSolution
		HideSolutionNode = FALSE
	EndGlobalSection
	GlobalSection(ExtensibilityGlobals) = postSolution
		SolutionGuid = {C551F793-F647-4FBD-BEF4-6B59785AE78F}
	EndGlobalSection
EndGlobal
